
Microsoft Visual Studio Solution File, Format Version 12.00
# Visual Studio Version 17
VisualStudioVersion = 17.0.31903.59
MinimumVisualStudioVersion = 10.0.40219.1
Project("{2150E333-8FDC-42A3-9474-1A3956D46DE8}") = "Gateway", "Gateway", "{DC915AD6-E09A-451D-B5E9-FD8BE2A6BAE6}"
EndProject
Project("{2150E333-8FDC-42A3-9474-1A3956D46DE8}") = "Microservices", "Microservices", "{4530AAC9-11B0-412D-B40C-7E96AAD5CAA9}"
EndProject
Project("{2150E333-8FDC-42A3-9474-1A3956D46DE8}") = "Cart", "Cart", "{0A0E4022-AFE8-4AD0-80A8-96BEA9DBC81E}"
EndProject
Project("{2150E333-8FDC-42A3-9474-1A3956D46DE8}") = "Identity", "Identity", "{CA3BE96C-5E0B-46B0-A822-9533FCBCAD97}"
EndProject
Project("{2150E333-8FDC-42A3-9474-1A3956D46DE8}") = "Order", "Order", "{68712A55-29CC-41FC-AF30-4286DC2C5337}"
EndProject
Project("{2150E333-8FDC-42A3-9474-1A3956D46DE8}") = "Payment", "Payment", "{1048E606-BEB2-49A4-892B-EBEC6209EFB5}"
EndProject
Project("{2150E333-8FDC-42A3-9474-1A3956D46DE8}") = "Product", "Product", "{6D524517-E73A-449D-94B5-F07D4EADA922}"
EndProject
Project("{2150E333-8FDC-42A3-9474-1A3956D46DE8}") = "src", "src", "{13923921-67AC-47BA-A1BC-051AF84A29A1}"
EndProject
Project("{2150E333-8FDC-42A3-9474-1A3956D46DE8}") = "tests", "tests", "{0D41F394-5383-4409-84E9-33A242245EE6}"
EndProject
Project("{9A19103F-16F7-4668-BE54-9A1E7A4F7556}") = "Radium.Products.Application", "Radium.Products.Application\Radium.Products.Application.csproj", "{84D1EC4A-4CF5-4C24-B7F0-067F9936EE1B}"
EndProject
Project("{9A19103F-16F7-4668-BE54-9A1E7A4F7556}") = "Radium.Products.Domain", "Radium.Products.Domain\Radium.Products.Domain.csproj", "{A2719481-299E-49BA-83CE-6915293613B1}"
EndProject
Project("{9A19103F-16F7-4668-BE54-9A1E7A4F7556}") = "Radium.Products.Infrastructure", "Radium.Products.Infrastructure\Radium.Products.Infrastructure.csproj", "{7F8FF0F3-59C1-4140-8989-BBD3355873EB}"
EndProject
Project("{9A19103F-16F7-4668-BE54-9A1E7A4F7556}") = "Radium.Products.Rest", "Radium.Products.Rest\Radium.Products.Rest.csproj", "{75868C52-61E2-4D33-94F8-BF552AAB1B8A}"
EndProject
Project("{9A19103F-16F7-4668-BE54-9A1E7A4F7556}") = "Radium.Products.IntegrationTests", "Radium.Products.IntegrationTests\Radium.Products.IntegrationTests.csproj", "{BB4BA14D-FFDE-45B6-85C7-E214AA296E3E}"
EndProject
Project("{9A19103F-16F7-4668-BE54-9A1E7A4F7556}") = "Radium.Products.UnitTests", "Radium.Products.UnitTests\Radium.Products.UnitTests.csproj", "{89FE278F-3178-414A-98FA-090645001BE5}"
EndProject
Global
	GlobalSection(SolutionConfigurationPlatforms) = preSolution
		Debug|Any CPU = Debug|Any CPU
		Release|Any CPU = Release|Any CPU
	EndGlobalSection
	GlobalSection(ProjectConfigurationPlatforms) = postSolution
		{84D1EC4A-4CF5-4C24-B7F0-067F9936EE1B}.Debug|Any CPU.ActiveCfg = Debug|Any CPU
		{84D1EC4A-4CF5-4C24-B7F0-067F9936EE1B}.Debug|Any CPU.Build.0 = Debug|Any CPU
		{84D1EC4A-4CF5-4C24-B7F0-067F9936EE1B}.Release|Any CPU.ActiveCfg = Release|Any CPU
		{84D1EC4A-4CF5-4C24-B7F0-067F9936EE1B}.Release|Any CPU.Build.0 = Release|Any CPU
		{A2719481-299E-49BA-83CE-6915293613B1}.Debug|Any CPU.ActiveCfg = Debug|Any CPU
		{A2719481-299E-49BA-83CE-6915293613B1}.Debug|Any CPU.Build.0 = Debug|Any CPU
		{A2719481-299E-49BA-83CE-6915293613B1}.Release|Any CPU.ActiveCfg = Release|Any CPU
		{A2719481-299E-49BA-83CE-6915293613B1}.Release|Any CPU.Build.0 = Release|Any CPU
		{7F8FF0F3-59C1-4140-8989-BBD3355873EB}.Debug|Any CPU.ActiveCfg = Debug|Any CPU
		{7F8FF0F3-59C1-4140-8989-BBD3355873EB}.Debug|Any CPU.Build.0 = Debug|Any CPU
		{7F8FF0F3-59C1-4140-8989-BBD3355873EB}.Release|Any CPU.ActiveCfg = Release|Any CPU
		{7F8FF0F3-59C1-4140-8989-BBD3355873EB}.Release|Any CPU.Build.0 = Release|Any CPU
		{75868C52-61E2-4D33-94F8-BF552AAB1B8A}.Debug|Any CPU.ActiveCfg = Debug|Any CPU
		{75868C52-61E2-4D33-94F8-BF552AAB1B8A}.Debug|Any CPU.Build.0 = Debug|Any CPU
		{75868C52-61E2-4D33-94F8-BF552AAB1B8A}.Release|Any CPU.ActiveCfg = Release|Any CPU
		{75868C52-61E2-4D33-94F8-BF552AAB1B8A}.Release|Any CPU.Build.0 = Release|Any CPU
		{BB4BA14D-FFDE-45B6-85C7-E214AA296E3E}.Debug|Any CPU.ActiveCfg = Debug|Any CPU
		{BB4BA14D-FFDE-45B6-85C7-E214AA296E3E}.Debug|Any CPU.Build.0 = Debug|Any CPU
		{BB4BA14D-FFDE-45B6-85C7-E214AA296E3E}.Release|Any CPU.ActiveCfg = Release|Any CPU
		{BB4BA14D-FFDE-45B6-85C7-E214AA296E3E}.Release|Any CPU.Build.0 = Release|Any CPU
		{89FE278F-3178-414A-98FA-090645001BE5}.Debug|Any CPU.ActiveCfg = Debug|Any CPU
		{89FE278F-3178-414A-98FA-090645001BE5}.Debug|Any CPU.Build.0 = Debug|Any CPU
		{89FE278F-3178-414A-98FA-090645001BE5}.Release|Any CPU.ActiveCfg = Release|Any CPU
		{89FE278F-3178-414A-98FA-090645001BE5}.Release|Any CPU.Build.0 = Release|Any CPU
	EndGlobalSection
	GlobalSection(SolutionProperties) = preSolution
		HideSolutionNode = FALSE
	EndGlobalSection
	GlobalSection(NestedProjects) = preSolution
		{0A0E4022-AFE8-4AD0-80A8-96BEA9DBC81E} = {4530AAC9-11B0-412D-B40C-7E96AAD5CAA9}
		{CA3BE96C-5E0B-46B0-A822-9533FCBCAD97} = {4530AAC9-11B0-412D-B40C-7E96AAD5CAA9}
		{68712A55-29CC-41FC-AF30-4286DC2C5337} = {4530AAC9-11B0-412D-B40C-7E96AAD5CAA9}
		{1048E606-BEB2-49A4-892B-EBEC6209EFB5} = {4530AAC9-11B0-412D-B40C-7E96AAD5CAA9}
		{6D524517-E73A-449D-94B5-F07D4EADA922} = {4530AAC9-11B0-412D-B40C-7E96AAD5CAA9}
		{13923921-67AC-47BA-A1BC-051AF84A29A1} = {6D524517-E73A-449D-94B5-F07D4EADA922}
		{0D41F394-5383-4409-84E9-33A242245EE6} = {6D524517-E73A-449D-94B5-F07D4EADA922}
		{84D1EC4A-4CF5-4C24-B7F0-067F9936EE1B} = {13923921-67AC-47BA-A1BC-051AF84A29A1}
		{A2719481-299E-49BA-83CE-6915293613B1} = {13923921-67AC-47BA-A1BC-051AF84A29A1}
		{7F8FF0F3-59C1-4140-8989-BBD3355873EB} = {13923921-67AC-47BA-A1BC-051AF84A29A1}
		{75868C52-61E2-4D33-94F8-BF552AAB1B8A} = {13923921-67AC-47BA-A1BC-051AF84A29A1}
		{BB4BA14D-FFDE-45B6-85C7-E214AA296E3E} = {0D41F394-5383-4409-84E9-33A242245EE6}
		{89FE278F-3178-414A-98FA-090645001BE5} = {0D41F394-5383-4409-84E9-33A242245EE6}
	EndGlobalSection
EndGlobal
